
Microsoft Visual Studio Solution File, Format Version 12.00
# Visual Studio Version 17
VisualStudioVersion = 17.8.34330.188
MinimumVisualStudioVersion = 10.0.40219.1
Project("{FAE04EC0-301F-11D3-BF4B-00C04F79EFBC}") = "LegacyBancho", "LegacyBancho\LegacyBancho.csproj", "{A396C18C-0AFC-450A-85BB-FFBAA1FA3DE4}"
EndProject
Global
	GlobalSection(SolutionConfigurationPlatforms) = preSolution
		Debug|Any CPU = Debug|Any CPU
		Debug|x86 = Debug|x86
		Release|Any CPU = Release|Any CPU
		Release|x86 = Release|x86
	EndGlobalSection
	GlobalSection(ProjectConfigurationPlatforms) = postSolution
		{A396C18C-0AFC-450A-85BB-FFBAA1FA3DE4}.Debug|Any CPU.ActiveCfg = Debug|Any CPU
		{A396C18C-0AFC-450A-85BB-FFBAA1FA3DE4}.Debug|Any CPU.Build.0 = Debug|Any CPU
		{A396C18C-0AFC-450A-85BB-FFBAA1FA3DE4}.Debug|x86.ActiveCfg = Debug|x86
		{A396C18C-0AFC-450A-85BB-FFBAA1FA3DE4}.Debug|x86.Build.0 = Debug|x86
		{A396C18C-0AFC-450A-85BB-FFBAA1FA3DE4}.Release|Any CPU.ActiveCfg = Release|Any CPU
		{A396C18C-0AFC-450A-85BB-FFBAA1FA3DE4}.Release|Any CPU.Build.0 = Release|Any CPU
		{A396C18C-0AFC-450A-85BB-FFBAA1FA3DE4}.Release|x86.ActiveCfg = Release|x86
		{A396C18C-0AFC-450A-85BB-FFBAA1FA3DE4}.Release|x86.Build.0 = Release|x86
	EndGlobalSection
	GlobalSection(SolutionProperties) = preSolution
		HideSolutionNode = FALSE
	EndGlobalSection
	GlobalSection(ExtensibilityGlobals) = postSolution
		SolutionGuid = {B2E7E432-2282-408F-BBA1-840445AAA7BB}
	EndGlobalSection
EndGlobal
